Microsoft Visual Studio Solution File, Format Version 7.00
Project("{FAE04EC0-301F-11D3-BF4B-00C04F79EFBC}") = "SAF.ClassFactory", "SAF.ClassFactory\SAF.ClassFactory.csproj", "{DF688CE0-E540-41A0-B318-1139C68A715C}"
EndProject
Project("{FAE04EC0-301F-11D3-BF4B-00C04F79EFBC}") = "SAF.Configuration", "SAF.Configuration\SAF.Configuration.csproj", "{CF0A6DB7-5DA9-4D79-9835-BC8CD625B206}"
EndProject
Project("{FAE04EC0-301F-11D3-BF4B-00C04F79EFBC}") = "SAF.Cache", "SAF.Cache\SAF.Cache.csproj", "{725D8525-B7F8-480A-B3C6-6634D51D2291}"
EndProject
Project("{FAE04EC0-301F-11D3-BF4B-00C04F79EFBC}") = "SAF.EventNotification", "SAF.EventNotification\SAF.EventNotification.csproj", "{7D58B200-AD5E-453D-81C9-CBF45119790C}"
EndProject
Project("{FAE04EC0-301F-11D3-BF4B-00C04F79EFBC}") = "SAF.Authentication", "SAF.Authentication\SAF.Authentication.csproj", "{FCE84DBB-04F6-4FF5-B84A-776CDB28DDEE}"
EndProject
Project("{FAE04EC0-301F-11D3-BF4B-00C04F79EFBC}") = "SAF.Authorization", "SAF.Authorization\SAF.Authorization.csproj", "{A5018D44-988F-4B34-83D6-0B21FE85B95C}"
EndProject
Project("{FAE04EC0-301F-11D3-BF4B-00C04F79EFBC}") = "SAF.Cryptography", "SAF.Cryptography\SAF.Cryptography.csproj", "{CA2E46AF-05AB-4428-91C8-27E1725EA8AB}"
EndProject
Project("{FAE04EC0-301F-11D3-BF4B-00C04F79EFBC}") = "SAF.Transaction", "SAF.Transaction\SAF.Transaction.csproj", "{5D0B84C7-8189-405B-A275-395A71DBEEBA}"
EndProject
Project("{FAE04EC0-301F-11D3-BF4B-00C04F79EFBC}") = "SAF.MessageQueue", "SAF.MessageQueue\SAF.MessageQueue.csproj", "{4F210282-BB72-4DAF-9324-D1BDDA58605A}"
EndProject
Project("{FAE04EC0-301F-11D3-BF4B-00C04F79EFBC}") = "SAF.Application.DocumentLayer", "SAF.Application.DocumentLayer\SAF.Application.DocumentLayer.csproj", "{22AC47FC-FBEF-4BA2-B9EE-D12F4C84B8C2}"
EndProject
Project("{FAE04EC0-301F-11D3-BF4B-00C04F79EFBC}") = "SAF.Application.Workflow", "SAF.Application.Workflow\SAF.Application.Workflow.csproj", "{6B86701F-B2C1-4694-81DE-542312E6FB64}"
EndProject
Project("{FAE04EC0-301F-11D3-BF4B-00C04F79EFBC}") = "SAF.Library.Security", "SAF.Library.Security\SAF.Library.Security.csproj", "{C087F526-0CDF-4555-A894-454D813B28B4}"
EndProject
Project("{FAE04EC0-301F-11D3-BF4B-00C04F79EFBC}") = "SAF.Library.WindowsService", "SAF.Library.WindowsService\SAF.Library.WindowsService.csproj", "{A764C7E1-6192-4957-81F3-789FF4F6834F}"
EndProject
Project("{FAE04EC0-301F-11D3-BF4B-00C04F79EFBC}") = "SAF.Utility", "SAF.Utility\SAF.Utility.csproj", "{25E53F84-184D-43EA-9713-CDD63021560C}"
EndProject
Project("{FAE04EC0-301F-11D3-BF4B-00C04F79EFBC}") = "SAF.WindowsService", "SAF.WindowsService\SAF.WindowsService.csproj", "{67FC5C6C-7752-44FD-9073-9E403417E916}"
EndProject
Project("{FAE04EC0-301F-11D3-BF4B-00C04F79EFBC}") = "SAF.Application.Configuration", "SAF.Application.Configuration\SAF.Application.Configuration.csproj", "{AE5F42AC-D432-4B6D-8259-371E4C7FC556}"
EndProject
Global
	GlobalSection(SolutionConfiguration) = preSolution
		ConfigName.0 = Debug
		ConfigName.1 = Release
	EndGlobalSection
	GlobalSection(ProjectDependencies) = postSolution
	EndGlobalSection
	GlobalSection(ProjectConfiguration) = postSolution
		{DF688CE0-E540-41A0-B318-1139C68A715C}.Debug.ActiveCfg = Debug|.NET
		{DF688CE0-E540-41A0-B318-1139C68A715C}.Debug.Build.0 = Debug|.NET
		{DF688CE0-E540-41A0-B318-1139C68A715C}.Release.ActiveCfg = Release|.NET
		{DF688CE0-E540-41A0-B318-1139C68A715C}.Release.Build.0 = Release|.NET
		{CF0A6DB7-5DA9-4D79-9835-BC8CD625B206}.Debug.ActiveCfg = Debug|.NET
		{CF0A6DB7-5DA9-4D79-9835-BC8CD625B206}.Debug.Build.0 = Debug|.NET
		{CF0A6DB7-5DA9-4D79-9835-BC8CD625B206}.Release.ActiveCfg = Release|.NET
		{CF0A6DB7-5DA9-4D79-9835-BC8CD625B206}.Release.Build.0 = Release|.NET
		{725D8525-B7F8-480A-B3C6-6634D51D2291}.Debug.ActiveCfg = Debug|.NET
		{725D8525-B7F8-480A-B3C6-6634D51D2291}.Debug.Build.0 = Debug|.NET
		{725D8525-B7F8-480A-B3C6-6634D51D2291}.Release.ActiveCfg = Release|.NET
		{725D8525-B7F8-480A-B3C6-6634D51D2291}.Release.Build.0 = Release|.NET
		{7D58B200-AD5E-453D-81C9-CBF45119790C}.Debug.ActiveCfg = Debug|.NET
		{7D58B200-AD5E-453D-81C9-CBF45119790C}.Debug.Build.0 = Debug|.NET
		{7D58B200-AD5E-453D-81C9-CBF45119790C}.Release.ActiveCfg = Release|.NET
		{7D58B200-AD5E-453D-81C9-CBF45119790C}.Release.Build.0 = Release|.NET
		{FCE84DBB-04F6-4FF5-B84A-776CDB28DDEE}.Debug.ActiveCfg = Debug|.NET
		{FCE84DBB-04F6-4FF5-B84A-776CDB28DDEE}.Debug.Build.0 = Debug|.NET
		{FCE84DBB-04F6-4FF5-B84A-776CDB28DDEE}.Release.ActiveCfg = Release|.NET
		{FCE84DBB-04F6-4FF5-B84A-776CDB28DDEE}.Release.Build.0 = Release|.NET
		{A5018D44-988F-4B34-83D6-0B21FE85B95C}.Debug.ActiveCfg = Debug|.NET
		{A5018D44-988F-4B34-83D6-0B21FE85B95C}.Debug.Build.0 = Debug|.NET
		{A5018D44-988F-4B34-83D6-0B21FE85B95C}.Release.ActiveCfg = Release|.NET
		{A5018D44-988F-4B34-83D6-0B21FE85B95C}.Release.Build.0 = Release|.NET
		{CA2E46AF-05AB-4428-91C8-27E1725EA8AB}.Debug.ActiveCfg = Debug|.NET
		{CA2E46AF-05AB-4428-91C8-27E1725EA8AB}.Debug.Build.0 = Debug|.NET
		{CA2E46AF-05AB-4428-91C8-27E1725EA8AB}.Release.ActiveCfg = Release|.NET
		{CA2E46AF-05AB-4428-91C8-27E1725EA8AB}.Release.Build.0 = Release|.NET
		{5D0B84C7-8189-405B-A275-395A71DBEEBA}.Debug.ActiveCfg = Debug|.NET
		{5D0B84C7-8189-405B-A275-395A71DBEEBA}.Debug.Build.0 = Debug|.NET
		{5D0B84C7-8189-405B-A275-395A71DBEEBA}.Release.ActiveCfg = Release|.NET
		{5D0B84C7-8189-405B-A275-395A71DBEEBA}.Release.Build.0 = Release|.NET
		{4F210282-BB72-4DAF-9324-D1BDDA58605A}.Debug.ActiveCfg = Debug|.NET
		{4F210282-BB72-4DAF-9324-D1BDDA58605A}.Debug.Build.0 = Debug|.NET
		{4F210282-BB72-4DAF-9324-D1BDDA58605A}.Release.ActiveCfg = Release|.NET
		{4F210282-BB72-4DAF-9324-D1BDDA58605A}.Release.Build.0 = Release|.NET
		{22AC47FC-FBEF-4BA2-B9EE-D12F4C84B8C2}.Debug.ActiveCfg = Debug|.NET
		{22AC47FC-FBEF-4BA2-B9EE-D12F4C84B8C2}.Debug.Build.0 = Debug|.NET
		{22AC47FC-FBEF-4BA2-B9EE-D12F4C84B8C2}.Release.ActiveCfg = Release|.NET
		{22AC47FC-FBEF-4BA2-B9EE-D12F4C84B8C2}.Release.Build.0 = Release|.NET
		{6B86701F-B2C1-4694-81DE-542312E6FB64}.Debug.ActiveCfg = Debug|.NET
		{6B86701F-B2C1-4694-81DE-542312E6FB64}.Debug.Build.0 = Debug|.NET
		{6B86701F-B2C1-4694-81DE-542312E6FB64}.Release.ActiveCfg = Release|.NET
		{6B86701F-B2C1-4694-81DE-542312E6FB64}.Release.Build.0 = Release|.NET
		{C087F526-0CDF-4555-A894-454D813B28B4}.Debug.ActiveCfg = Debug|.NET
		{C087F526-0CDF-4555-A894-454D813B28B4}.Debug.Build.0 = Debug|.NET
		{C087F526-0CDF-4555-A894-454D813B28B4}.Release.ActiveCfg = Release|.NET
		{C087F526-0CDF-4555-A894-454D813B28B4}.Release.Build.0 = Release|.NET
		{A764C7E1-6192-4957-81F3-789FF4F6834F}.Debug.ActiveCfg = Debug|.NET
		{A764C7E1-6192-4957-81F3-789FF4F6834F}.Debug.Build.0 = Debug|.NET
		{A764C7E1-6192-4957-81F3-789FF4F6834F}.Release.ActiveCfg = Release|.NET
		{A764C7E1-6192-4957-81F3-789FF4F6834F}.Release.Build.0 = Release|.NET
		{25E53F84-184D-43EA-9713-CDD63021560C}.Debug.ActiveCfg = Debug|.NET
		{25E53F84-184D-43EA-9713-CDD63021560C}.Debug.Build.0 = Debug|.NET
		{25E53F84-184D-43EA-9713-CDD63021560C}.Release.ActiveCfg = Release|.NET
		{25E53F84-184D-43EA-9713-CDD63021560C}.Release.Build.0 = Release|.NET
		{67FC5C6C-7752-44FD-9073-9E403417E916}.Debug.ActiveCfg = Debug|.NET
		{67FC5C6C-7752-44FD-9073-9E403417E916}.Debug.Build.0 = Debug|.NET
		{67FC5C6C-7752-44FD-9073-9E403417E916}.Release.ActiveCfg = Release|.NET
		{67FC5C6C-7752-44FD-9073-9E403417E916}.Release.Build.0 = Release|.NET
		{AE5F42AC-D432-4B6D-8259-371E4C7FC556}.Debug.ActiveCfg = Debug|.NET
		{AE5F42AC-D432-4B6D-8259-371E4C7FC556}.Debug.Build.0 = Debug|.NET
		{AE5F42AC-D432-4B6D-8259-371E4C7FC556}.Release.ActiveCfg = Release|.NET
		{AE5F42AC-D432-4B6D-8259-371E4C7FC556}.Release.Build.0 = Release|.NET
	EndGlobalSection
	GlobalSection(ExtensibilityGlobals) = postSolution
	EndGlobalSection
	GlobalSection(ExtensibilityAddIns) = postSolution
	EndGlobalSection
EndGlobal
